
Microsoft Visual Studio Solution File, Format Version 12.00
# Visual Studio Version 17
VisualStudioVersion = 17.10.34928.147
MinimumVisualStudioVersion = 10.0.40219.1
Project("{888888A0-9F3D-457C-B088-3A5042F75D52}") = "Topic5Lesson16Task1", "Topic5Lesson16Task1\Topic5Lesson16Task1.pyproj", "{C809E3AA-6340-467A-8078-2BF7992D943E}"
EndProject
Project("{888888A0-9F3D-457C-B088-3A5042F75D52}") = "Topic5Lesson16Task2", "Topic5Lesson16Task2\Topic5Lesson16Task2.pyproj", "{456990C4-70E1-481B-91A5-51D9A5B25D7B}"
EndProject
Global
	GlobalSection(SolutionConfigurationPlatforms) = preSolution
		Debug|Any CPU = Debug|Any CPU
		Release|Any CPU = Release|Any CPU
	EndGlobalSection
	GlobalSection(ProjectConfigurationPlatforms) = postSolution
		{C809E3AA-6340-467A-8078-2BF7992D943E}.Debug|Any CPU.ActiveCfg = Debug|Any CPU
		{C809E3AA-6340-467A-8078-2BF7992D943E}.Release|Any CPU.ActiveCfg = Release|Any CPU
		{456990C4-70E1-481B-91A5-51D9A5B25D7B}.Debug|Any CPU.ActiveCfg = Debug|Any CPU
		{456990C4-70E1-481B-91A5-51D9A5B25D7B}.Release|Any CPU.ActiveCfg = Release|Any CPU
	EndGlobalSection
	GlobalSection(SolutionProperties) = preSolution
		HideSolutionNode = FALSE
	EndGlobalSection
	GlobalSection(ExtensibilityGlobals) = postSolution
		SolutionGuid = {0B6D1007-6B7E-4D5C-A5AA-63F4C1B1335C}
	EndGlobalSection
EndGlobal
